// !$*UTF8*$!
{
	archiveVersion = 1;
	classes = {
	};
	objectVersion = 50;
	objects = {

/* Begin PBXBuildFile section */
		3EBBCF5320EBD5CB00DEFB22 /* AppDelegate.swift in Sources */ = {isa = PBXBuildFile; fileRef = 3EBBCF5220EBD5CB00DEFB22 /* AppDelegate.swift */; };
		3EBBCF5820EBD5CB00DEFB22 /* Main.storyboard in Resources */ = {isa = PBXBuildFile; fileRef = 3EBBCF5620EBD5CB00DEFB22 /* Main.storyboard */; };
		3EBBCF5A20EBD5CD00DEFB22 /* Assets.xcassets in Resources */ = {isa = PBXBuildFile; fileRef = 3EBBCF5920EBD5CD00DEFB22 /* Assets.xcassets */; };
		3EBBCF5D20EBD5CD00DEFB22 /* LaunchScreen.storyboard in Resources */ = {isa = PBXBuildFile; fileRef = 3EBBCF5B20EBD5CD00DEFB22 /* LaunchScreen.storyboard */; };
		3EBBCF6520EBD6EB00DEFB22 /* WeekDayTableViewController.swift in Sources */ = {isa = PBXBuildFile; fileRef = 3EBBCF6420EBD6EB00DEFB22 /* WeekDayTableViewController.swift */; };
		3EBBCF6720EBD71700DEFB22 /* DetailViewController.swift in Sources */ = {isa = PBXBuildFile; fileRef = 3EBBCF6620EBD71600DEFB22 /* DetailViewController.swift */; };
		3EBBCFB020EC1F4700DEFB22 /* Planet.swift in Sources */ = {isa = PBXBuildFile; fileRef = 3EBBCFAF20EC1F4700DEFB22 /* Planet.swift */; };
/* End PBXBuildFile section */

/* Begin PBXFileReference section */
		3EBBCF4F20EBD5CB00DEFB22 /* DaysOfTheWeek.app */ = {isa = PBXFileReference; explicitFileType = wrapper.application; includeInIndex = 0; path = DaysOfTheWeek.app; sourceTree = BUILT_PRODUCTS_DIR; };
		3EBBCF5220EBD5CB00DEFB22 /* AppDelegate.swift */ = {isa = PBXFileReference; lastKnownFileType = sourcecode.swift; path = AppDelegate.swift; sourceTree = "<group>"; };
		3EBBCF5720EBD5CB00DEFB22 /* Base */ = {isa = PBXFileReference; lastKnownFileType = file.storyboard; name = Base; path = Base.lproj/Main.storyboard; sourceTree = "<group>"; };
		3EBBCF5920EBD5CD00DEFB22 /* Assets.xcassets */ = {isa = PBXFileReference; lastKnownFileType = folder.assetcatalog; path = Assets.xcassets; sourceTree = "<group>"; };
		3EBBCF5C20EBD5CD00DEFB22 /* Base */ = {isa = PBXFileReference; lastKnownFileType = file.storyboard; name = Base; path = Base.lproj/LaunchScreen.storyboard; sourceTree = "<group>"; };
		3EBBCF5E20EBD5CD00DEFB22 /* Info.plist */ = {isa = PBXFileReference; lastKnownFileType = text.plist.xml; path = Info.plist; sourceTree = "<group>"; };
		3EBBCF6420EBD6EB00DEFB22 /* WeekDayTableViewController.swift */ = {isa = PBXFileReference; lastKnownFileType = sourcecode.swift; path = WeekDayTableViewController.swift; sourceTree = "<group>"; };
		3EBBCF6620EBD71600DEFB22 /* DetailViewController.swift */ = {isa = PBXFileReference; lastKnownFileType = sourcecode.swift; path = DetailViewController.swift; sourceTree = "<group>"; };
		3EBBCFAF20EC1F4700DEFB22 /* Planet.swift */ = {isa = PBXFileReference; fileEncoding = 4; lastKnownFileType = sourcecode.swift; path = Planet.swift; sourceTree = "<group>"; };
/* End PBXFileReference section */

/* Begin PBXFrameworksBuildPhase section */
		3EBBCF4C20EBD5CB00DEFB22 /* Frameworks */ = {
			isa = PBXFrameworksBuildPhase;
			buildActionMask = 2147483647;
			files = (
			);
			runOnlyForDeploymentPostprocessing = 0;
		};
/* End PBXFrameworksBuildPhase section */

/* Begin PBXGroup section */
		3EBBCF4620EBD5CB00DEFB22 = {
			isa = PBXGroup;
			children = (
				3EBBCF5120EBD5CB00DEFB22 /* DaysOfTheWeek */,
				3EBBCF5020EBD5CB00DEFB22 /* Products */,
			);
			sourceTree = "<group>";
		};
		3EBBCF5020EBD5CB00DEFB22 /* Products */ = {
			isa = PBXGroup;
			children = (
				3EBBCF4F20EBD5CB00DEFB22 /* DaysOfTheWeek.app */,
			);
			name = Products;
			sourceTree = "<group>";
		};
		3EBBCF5120EBD5CB00DEFB22 /* DaysOfTheWeek */ = {
			isa = PBXGroup;
			children = (
				3EBBCF5220EBD5CB00DEFB22 /* AppDelegate.swift */,
				3EBBCFAF20EC1F4700DEFB22 /* Planet.swift */,
				3EBBCF6420EBD6EB00DEFB22 /* WeekDayTableViewController.swift */,
				3EBBCF6620EBD71600DEFB22 /* DetailViewController.swift */,
				3EBBCF5620EBD5CB00DEFB22 /* Main.storyboard */,
				3EBBCFAE20EC11D400DEFB22 /* Resources */,
			);
			path = DaysOfTheWeek;
			sourceTree = "<group>";
		};
		3EBBCFAE20EC11D400DEFB22 /* Resources */ = {
			isa = PBXGroup;
			children = (
				3EBBCF5E20EBD5CD00DEFB22 /* Info.plist */,
				3EBBCF5B20EBD5CD00DEFB22 /* LaunchScreen.storyboard */,
				3EBBCF5920EBD5CD00DEFB22 /* Assets.xcassets */,
			);
			path = Resources;
			sourceTree = "<group>";
		};
/* End PBXGroup section */

/* Begin PBXNativeTarget section */
		3EBBCF4E20EBD5CB00DEFB22 /* DaysOfTheWeek */ = {
			isa = PBXNativeTarget;
			buildConfigurationList = 3EBBCF6120EBD5CD00DEFB22 /* Build configuration list for PBXNativeTarget "DaysOfTheWeek" */;
			buildPhases = (
				3EBBCF4B20EBD5CB00DEFB22 /* Sources */,
				3EBBCF4C20EBD5CB00DEFB22 /* Frameworks */,
				3EBBCF4D20EBD5CB00DEFB22 /* Resources */,
			);
			buildRules = (
			);
			dependencies = (
			);
			name = DaysOfTheWeek;
			productName = DaysOfTheWeek;
			productReference = 3EBBCF4F20EBD5CB00DEFB22 /* DaysOfTheWeek.app */;
			productType = "com.apple.product-type.application";
		};
/* End PBXNativeTarget section */

/* Begin PBXProject section */
		3EBBCF4720EBD5CB00DEFB22 /* Project object */ = {
			isa = PBXProject;
			attributes = {
				LastSwiftUpdateCheck = 1000;
				LastUpgradeCheck = 1000;
				ORGANIZATIONNAME = "Owen Henley";
				TargetAttributes = {
					3EBBCF4E20EBD5CB00DEFB22 = {
						CreatedOnToolsVersion = 10.0;
					};
				};
			};
			buildConfigurationList = 3EBBCF4A20EBD5CB00DEFB22 /* Build configuration list for PBXProject "DaysOfTheWeek" */;
			compatibilityVersion = "Xcode 9.3";
			developmentRegion = en;
			hasScannedForEncodings = 0;
			knownRegions = (
				en,
				Base,
			);
			mainGroup = 3EBBCF4620EBD5CB00DEFB22;
			productRefGroup = 3EBBCF5020EBD5CB00DEFB22 /* Products */;
			projectDirPath = "";
			projectRoot = "";
			targets = (
				3EBBCF4E20EBD5CB00DEFB22 /* DaysOfTheWeek */,
			);
		};
/* End PBXProject section */

/* Begin PBXResourcesBuildPhase section */
		3EBBCF4D20EBD5CB00DEFB22 /* Resources */ = {
			isa = PBXResourcesBuildPhase;
			buildActionMask = 2147483647;
			files = (
				3EBBCF5D20EBD5CD00DEFB22 /* LaunchScreen.storyboard in Resources */,
				3EBBCF5A20EBD5CD00DEFB22 /* Assets.xcassets in Resources */,
				3EBBCF5820EBD5CB00DEFB22 /* Main.storyboard in Resources */,
			);
			runOnlyForDeploymentPostprocessing = 0;
		};
/* End PBXResourcesBuildPhase section */

/* Begin PBXSourcesBuildPhase section */
		3EBBCF4B20EBD5CB00DEFB22 /* Sources */ = {
			isa = PBXSourcesBuildPhase;
			buildActionMask = 2147483647;
			files = (
				3EBBCF6720EBD71700DEFB22 /* DetailViewController.swift in Sources */,
				3EBBCF6520EBD6EB00DEFB22 /* WeekDayTableViewController.swift in Sources */,
				3EBBCF5320EBD5CB00DEFB22 /* AppDelegate.swift in Sources */,
				3EBBCFB020EC1F4700DEFB22 /* Planet.swift in Sources */,
			);
			runOnlyForDeploymentPostprocessing = 0;
		};
/* End PBXSourcesBuildPhase section */

/* Begin PBXVariantGroup section */
		3EBBCF5620EBD5CB00DEFB22 /* Main.storyboard */ = {
			isa = PBXVariantGroup;
			children = (
				3EBBCF5720EBD5CB00DEFB22 /* Base */,
			);
			name = Main.storyboard;
			sourceTree = "<group>";
		};
		3EBBCF5B20EBD5CD00DEFB22 /* LaunchScreen.storyboard */ = {
			isa = PBXVariantGroup;
			children = (
				3EBBCF5C20EBD5CD00DEFB22 /* Base */,
			);
			name = LaunchScreen.storyboard;
			sourceTree = "<group>";
		};
/* End PBXVariantGroup section */

/* Begin XCBuildConfiguration section */
		3EBBCF5F20EBD5CD00DEFB22 /* Debug */ = {
			isa = XCBuildConfiguration;
			buildSettings = {
				ALWAYS_SEARCH_USER_PATHS = NO;
				CLANG_ANALYZER_NONNULL = YES;
				CLANG_ANALYZER_NUMBER_OBJECT_CONVERSION = YES_AGGRESSIVE;
				CLANG_CXX_LANGUAGE_STANDARD = "gnu++14";
				CLANG_CXX_LIBRARY = "libc++";
				CLANG_ENABLE_MODULES = YES;
				CLANG_ENABLE_OBJC_ARC = YES;
				CLANG_ENABLE_OBJC_WEAK = YES;
				CLANG_WARN_BLOCK_CAPTURE_AUTORELEASING = YES;
				CLANG_WARN_BOOL_CONVERSION = YES;
				CLANG_WARN_COMMA = YES;
				CLANG_WARN_CONSTANT_CONVERSION = YES;
				CLANG_WARN_DEPRECATED_OBJC_IMPLEMENTATIONS = YES;
				CLANG_WARN_DIRECT_OBJC_ISA_USAGE = YES_ERROR;
				CLANG_WARN_DOCUMENTATION_COMMENTS = YES;
				CLANG_WARN_EMPTY_BODY = YES;
				CLANG_WARN_ENUM_CONVERSION = YES;
				CLANG_WARN_INFINITE_RECURSION = YES;
				CLANG_WARN_INT_CONVERSION = YES;
				CLANG_WARN_NON_LITERAL_NULL_CONVERSION = YES;
				CLANG_WARN_OBJC_IMPLICIT_RETAIN_SELF = YES;
				CLANG_WARN_OBJC_LITERAL_CONVERSION = YES;
				CLANG_WARN_OBJC_ROOT_CLASS = YES_ERROR;
				CLANG_WARN_RANGE_LOOP_ANALYSIS = YES;
				CLANG_WARN_STRICT_PROTOTYPES = YES;
				CLANG_WARN_SUSPICIOUS_MOVE = YES;
				CLANG_WARN_UNGUARDED_AVAILABILITY = YES_AGGRESSIVE;
				CLANG_WARN_UNREACHABLE_CODE = YES;
				CLANG_WARN__DUPLICATE_METHOD_MATCH = YES;
				CODE_SIGN_IDENTITY = "iPhone Developer";
				COPY_PHASE_STRIP = NO;
				DEBUG_INFORMATION_FORMAT = dwarf;
				ENABLE_STRICT_OBJC_MSGSEND = YES;
				ENABLE_TESTABILITY = YES;
				GCC_C_LANGUAGE_STANDARD = gnu11;
				GCC_DYNAMIC_NO_PIC = NO;
				GCC_NO_COMMON_BLOCKS = YES;
				GCC_OPTIMIZATION_LEVEL = 0;
				GCC_PREPROCESSOR_DEFINITIONS = (
					"DEBUG=1",
					"$(inherited)",
				);
				GCC_WARN_64_TO_32_BIT_CONVERSION = YES;
				GCC_WARN_ABOUT_RETURN_TYPE = YES_ERROR;
				GCC_WARN_UNDECLARED_SELECTOR = YES;
				GCC_WARN_UNINITIALIZED_AUTOS = YES_AGGRESSIVE;
				GCC_WARN_UNUSED_FUNCTION = YES;
				GCC_WARN_UNUSED_VARIABLE = YES;
				IPHONEOS_DEPLOYMENT_TARGET = 12.0;
				MTL_ENABLE_DEBUG_INFO = INCLUDE_SOURCE;
				ONLY_ACTIVE_ARCH = YES;
				SDKROOT = iphoneos;
				SWIFT_ACTIVE_COMPILATION_CONDITIONS = DEBUG;
				SWIFT_OPTIMIZATION_LEVEL = "-Onone";
			};
			name = Debug;
		};
		3EBBCF6020EBD5CD00DEFB22 /* Release */ = {
			isa = XCBuildConfiguration;
			buildSettings = {
				ALWAYS_SEARCH_USER_PATHS = NO;
				CLANG_ANALYZER_NONNULL = YES;
				CLANG_ANALYZER_NUMBER_OBJECT_CONVERSION = YES_AGGRESSIVE;
				CLANG_CXX_LANGUAGE_STANDARD = "gnu++14";
				CLANG_CXX_LIBRARY = "libc++";
				CLANG_ENABLE_MODULES = YES;
				CLANG_ENABLE_OBJC_ARC = YES;
				CLANG_ENABLE_OBJC_WEAK = YES;
				CLANG_WARN_BLOCK_CAPTURE_AUTORELEASING = YES;
				CLANG_WARN_BOOL_CONVERSION = YES;
				CLANG_WARN_COMMA = YES;
				CLANG_WARN_CONSTANT_CONVERSION = YES;
				CLANG_WARN_DEPRECATED_OBJC_IMPLEMENTATIONS = YES;
				CLANG_WARN_DIRECT_OBJC_ISA_USAGE = YES_ERROR;
				CLANG_WARN_DOCUMENTATION_COMMENTS = YES;
				CLANG_WARN_EMPTY_BODY = YES;
				CLANG_WARN_ENUM_CONVERSION = YES;
				CLANG_WARN_INFINITE_RECURSION = YES;
				CLANG_WARN_INT_CONVERSION = YES;
				CLANG_WARN_NON_LITERAL_NULL_CONVERSION = YES;
				CLANG_WARN_OBJC_IMPLICIT_RETAIN_SELF = YES;
				CLANG_WARN_OBJC_LITERAL_CONVERSION = YES;
				CLANG_WARN_OBJC_ROOT_CLASS = YES_ERROR;
				CLANG_WARN_RANGE_LOOP_ANALYSIS = YES;
				CLANG_WARN_STRICT_PROTOTYPES = YES;
				CLANG_WARN_SUSPICIOUS_MOVE = YES;
				CLANG_WARN_UNGUARDED_AVAILABILITY = YES_AGGRESSIVE;
				CLANG_WARN_UNREACHABLE_CODE = YES;
				CLANG_WARN__DUPLICATE_METHOD_MATCH = YES;
				CODE_SIGN_IDENTITY = "iPhone Developer";
				COPY_PHASE_STRIP = NO;
				DEBUG_INFORMATION_FORMAT = "dwarf-with-dsym";
				ENABLE_NS_ASSERTIONS = NO;
				ENABLE_STRICT_OBJC_MSGSEND = YES;
				GCC_C_LANGUAGE_STANDARD = gnu11;
				GCC_NO_COMMON_BLOCKS = YES;
				GCC_WARN_64_TO_32_BIT_CONVERSION = YES;
				GCC_WARN_ABOUT_RETURN_TYPE = YES_ERROR;
				GCC_WARN_UNDECLARED_SELECTOR = YES;
				GCC_WARN_UNINITIALIZED_AUTOS = YES_AGGRESSIVE;
				GCC_WARN_UNUSED_FUNCTION = YES;
				GCC_WARN_UNUSED_VARIABLE = YES;
				IPHONEOS_DEPLOYMENT_TARGET = 12.0;
				MTL_ENABLE_DEBUG_INFO = NO;
				SDKROOT = iphoneos;
				SWIFT_COMPILATION_MODE = wholemodule;
				SWIFT_OPTIMIZATION_LEVEL = "-O";
				VALIDATE_PRODUCT = YES;
			};
			name = Release;
		};
		3EBBCF6220EBD5CD00DEFB22 /* Debug */ = {
			isa = XCBuildConfiguration;
			buildSettings = {
				ASSETCATALOG_COMPILER_APPICON_NAME = AppIcon;
				CODE_SIGN_STYLE = Automatic;
				DEVELOPMENT_TEAM = CYZA2EE6W8;
				INFOPLIST_FILE = "$(SRCROOT)/DaysOfTheWeek/Resources/Info.plist";
				IPHONEOS_DEPLOYMENT_TARGET = 11.4;
				LD_RUNPATH_SEARCH_PATHS = (
					"$(inherited)",
					"@executable_path/Frameworks",
				);
				PRODUCT_BUNDLE_IDENTIFIER = com.owenhenley.DaysOfTheWeek;
				PRODUCT_NAME = "$(TARGET_NAME)";
				SWIFT_VERSION = 4.2;
				TARGETED_DEVICE_FAMILY = "1,2";
			};
			name = Debug;
		};
		3EBBCF6320EBD5CD00DEFB22 /* Release */ = {
			isa = XCBuildConfiguration;
			buildSettings = {
				ASSETCATALOG_COMPILER_APPICON_NAME = AppIcon;
				CODE_SIGN_STYLE = Automatic;
				DEVELOPMENT_TEAM = CYZA2EE6W8;
				INFOPLIST_FILE = "$(SRCROOT)/DaysOfTheWeek/Resources/Info.plist";
				IPHONEOS_DEPLOYMENT_TARGET = 11.4;
				LD_RUNPATH_SEARCH_PATHS = (
					"$(inherited)",
					"@executable_path/Frameworks",
				);
				PRODUCT_BUNDLE_IDENTIFIER = com.owenhenley.DaysOfTheWeek;
				PRODUCT_NAME = "$(TARGET_NAME)";
				SWIFT_VERSION = 4.2;
				TARGETED_DEVICE_FAMILY = "1,2";
			};
			name = Release;
		};
/* End XCBuildConfiguration section */

/* Begin XCConfigurationList section */
		3EBBCF4A20EBD5CB00DEFB22 /* Build configuration list for PBXProject "DaysOfTheWeek" */ = {
			isa = XCConfigurationList;
			buildConfigurations = (
				3EBBCF5F20EBD5CD00DEFB22 /* Debug */,
				3EBBCF6020EBD5CD00DEFB22 /* Release */,
			);
			defaultConfigurationIsVisible = 0;
			defaultConfigurationName = Release;
		};
		3EBBCF6120EBD5CD00DEFB22 /* Build configuration list for PBXNativeTarget "DaysOfTheWeek" */ = {
			isa = XCConfigurationList;
			buildConfigurations = (
				3EBBCF6220EBD5CD00DEFB22 /* Debug */,
				3EBBCF6320EBD5CD00DEFB22 /* Release */,
			);
			defaultConfigurationIsVisible = 0;
			defaultConfigurationName = Release;
		};
/* End XCConfigurationList section */
	};
	rootObject = 3EBBCF4720EBD5CB00DEFB22 /* Project object */;
}
