// !$*UTF8*$!
{
	archiveVersion = 1;
	classes = {
	};
	objectVersion = 50;
	objects = {

/* Begin PBXBuildFile section */
		3E9A790020EC77D600EB8B42 /* AppDelegate.swift in Sources */ = {isa = PBXBuildFile; fileRef = 3E9A78FF20EC77D600EB8B42 /* AppDelegate.swift */; };
		3E9A790520EC77D600EB8B42 /* Main.storyboard in Resources */ = {isa = PBXBuildFile; fileRef = 3E9A790320EC77D600EB8B42 /* Main.storyboard */; };
		3E9A790720EC77D900EB8B42 /* Assets.xcassets in Resources */ = {isa = PBXBuildFile; fileRef = 3E9A790620EC77D900EB8B42 /* Assets.xcassets */; };
		3E9A790A20EC77D900EB8B42 /* LaunchScreen.storyboard in Resources */ = {isa = PBXBuildFile; fileRef = 3E9A790820EC77D900EB8B42 /* LaunchScreen.storyboard */; };
		3E9A791220EC782000EB8B42 /* Student.swift in Sources */ = {isa = PBXBuildFile; fileRef = 3E9A791120EC782000EB8B42 /* Student.swift */; };
		3E9A791420EC790300EB8B42 /* StudentController.swift in Sources */ = {isa = PBXBuildFile; fileRef = 3E9A791320EC790300EB8B42 /* StudentController.swift */; };
		3E9A791620EC7A7700EB8B42 /* StudentTableViewController.swift in Sources */ = {isa = PBXBuildFile; fileRef = 3E9A791520EC7A7700EB8B42 /* StudentTableViewController.swift */; };
		3E9A791820EC7F6800EB8B42 /* StudentDetailViewController.swift in Sources */ = {isa = PBXBuildFile; fileRef = 3E9A791720EC7F6800EB8B42 /* StudentDetailViewController.swift */; };
/* End PBXBuildFile section */

/* Begin PBXFileReference section */
		3E9A78FC20EC77D600EB8B42 /* Student List.app */ = {isa = PBXFileReference; explicitFileType = wrapper.application; includeInIndex = 0; path = "Student List.app"; sourceTree = BUILT_PRODUCTS_DIR; };
		3E9A78FF20EC77D600EB8B42 /* AppDelegate.swift */ = {isa = PBXFileReference; lastKnownFileType = sourcecode.swift; path = AppDelegate.swift; sourceTree = "<group>"; };
		3E9A790420EC77D600EB8B42 /* Base */ = {isa = PBXFileReference; lastKnownFileType = file.storyboard; name = Base; path = Base.lproj/Main.storyboard; sourceTree = "<group>"; };
		3E9A790620EC77D900EB8B42 /* Assets.xcassets */ = {isa = PBXFileReference; lastKnownFileType = folder.assetcatalog; path = Assets.xcassets; sourceTree = "<group>"; };
		3E9A790920EC77D900EB8B42 /* Base */ = {isa = PBXFileReference; lastKnownFileType = file.storyboard; name = Base; path = Base.lproj/LaunchScreen.storyboard; sourceTree = "<group>"; };
		3E9A790B20EC77D900EB8B42 /* Info.plist */ = {isa = PBXFileReference; lastKnownFileType = text.plist.xml; path = Info.plist; sourceTree = "<group>"; };
		3E9A791120EC782000EB8B42 /* Student.swift */ = {isa = PBXFileReference; lastKnownFileType = sourcecode.swift; path = Student.swift; sourceTree = "<group>"; };
		3E9A791320EC790300EB8B42 /* StudentController.swift */ = {isa = PBXFileReference; lastKnownFileType = sourcecode.swift; path = StudentController.swift; sourceTree = "<group>"; };
		3E9A791520EC7A7700EB8B42 /* StudentTableViewController.swift */ = {isa = PBXFileReference; lastKnownFileType = sourcecode.swift; path = StudentTableViewController.swift; sourceTree = "<group>"; };
		3E9A791720EC7F6800EB8B42 /* StudentDetailViewController.swift */ = {isa = PBXFileReference; lastKnownFileType = sourcecode.swift; path = StudentDetailViewController.swift; sourceTree = "<group>"; };
/* End PBXFileReference section */

/* Begin PBXFrameworksBuildPhase section */
		3E9A78F920EC77D600EB8B42 /* Frameworks */ = {
			isa = PBXFrameworksBuildPhase;
			buildActionMask = 2147483647;
			files = (
			);
			runOnlyForDeploymentPostprocessing = 0;
		};
/* End PBXFrameworksBuildPhase section */

/* Begin PBXGroup section */
		3E9A78F320EC77D600EB8B42 = {
			isa = PBXGroup;
			children = (
				3E9A78FE20EC77D600EB8B42 /* Student List */,
				3E9A78FD20EC77D600EB8B42 /* Products */,
			);
			sourceTree = "<group>";
		};
		3E9A78FD20EC77D600EB8B42 /* Products */ = {
			isa = PBXGroup;
			children = (
				3E9A78FC20EC77D600EB8B42 /* Student List.app */,
			);
			name = Products;
			sourceTree = "<group>";
		};
		3E9A78FE20EC77D600EB8B42 /* Student List */ = {
			isa = PBXGroup;
			children = (
				3E9A78FF20EC77D600EB8B42 /* AppDelegate.swift */,
				3E9A791120EC782000EB8B42 /* Student.swift */,
				3E9A791320EC790300EB8B42 /* StudentController.swift */,
				3E9A791520EC7A7700EB8B42 /* StudentTableViewController.swift */,
				3E9A790320EC77D600EB8B42 /* Main.storyboard */,
				3E9A791720EC7F6800EB8B42 /* StudentDetailViewController.swift */,
				3E9A790620EC77D900EB8B42 /* Assets.xcassets */,
				3E9A790820EC77D900EB8B42 /* LaunchScreen.storyboard */,
				3E9A790B20EC77D900EB8B42 /* Info.plist */,
			);
			path = "Student List";
			sourceTree = "<group>";
		};
/* End PBXGroup section */

/* Begin PBXNativeTarget section */
		3E9A78FB20EC77D600EB8B42 /* Student List */ = {
			isa = PBXNativeTarget;
			buildConfigurationList = 3E9A790E20EC77D900EB8B42 /* Build configuration list for PBXNativeTarget "Student List" */;
			buildPhases = (
				3E9A78F820EC77D600EB8B42 /* Sources */,
				3E9A78F920EC77D600EB8B42 /* Frameworks */,
				3E9A78FA20EC77D600EB8B42 /* Resources */,
			);
			buildRules = (
			);
			dependencies = (
			);
			name = "Student List";
			productName = "Student List";
			productReference = 3E9A78FC20EC77D600EB8B42 /* Student List.app */;
			productType = "com.apple.product-type.application";
		};
/* End PBXNativeTarget section */

/* Begin PBXProject section */
		3E9A78F420EC77D600EB8B42 /* Project object */ = {
			isa = PBXProject;
			attributes = {
				LastSwiftUpdateCheck = 1000;
				LastUpgradeCheck = 1000;
				ORGANIZATIONNAME = "Owen Henley";
				TargetAttributes = {
					3E9A78FB20EC77D600EB8B42 = {
						CreatedOnToolsVersion = 10.0;
					};
				};
			};
			buildConfigurationList = 3E9A78F720EC77D600EB8B42 /* Build configuration list for PBXProject "Student List" */;
			compatibilityVersion = "Xcode 9.3";
			developmentRegion = en;
			hasScannedForEncodings = 0;
			knownRegions = (
				en,
				Base,
			);
			mainGroup = 3E9A78F320EC77D600EB8B42;
			productRefGroup = 3E9A78FD20EC77D600EB8B42 /* Products */;
			projectDirPath = "";
			projectRoot = "";
			targets = (
				3E9A78FB20EC77D600EB8B42 /* Student List */,
			);
		};
/* End PBXProject section */

/* Begin PBXResourcesBuildPhase section */
		3E9A78FA20EC77D600EB8B42 /* Resources */ = {
			isa = PBXResourcesBuildPhase;
			buildActionMask = 2147483647;
			files = (
				3E9A790A20EC77D900EB8B42 /* LaunchScreen.storyboard in Resources */,
				3E9A790720EC77D900EB8B42 /* Assets.xcassets in Resources */,
				3E9A790520EC77D600EB8B42 /* Main.storyboard in Resources */,
			);
			runOnlyForDeploymentPostprocessing = 0;
		};
/* End PBXResourcesBuildPhase section */

/* Begin PBXSourcesBuildPhase section */
		3E9A78F820EC77D600EB8B42 /* Sources */ = {
			isa = PBXSourcesBuildPhase;
			buildActionMask = 2147483647;
			files = (
				3E9A791820EC7F6800EB8B42 /* StudentDetailViewController.swift in Sources */,
				3E9A791420EC790300EB8B42 /* StudentController.swift in Sources */,
				3E9A791220EC782000EB8B42 /* Student.swift in Sources */,
				3E9A791620EC7A7700EB8B42 /* StudentTableViewController.swift in Sources */,
				3E9A790020EC77D600EB8B42 /* AppDelegate.swift in Sources */,
			);
			runOnlyForDeploymentPostprocessing = 0;
		};
/* End PBXSourcesBuildPhase section */

/* Begin PBXVariantGroup section */
		3E9A790320EC77D600EB8B42 /* Main.storyboard */ = {
			isa = PBXVariantGroup;
			children = (
				3E9A790420EC77D600EB8B42 /* Base */,
			);
			name = Main.storyboard;
			sourceTree = "<group>";
		};
		3E9A790820EC77D900EB8B42 /* LaunchScreen.storyboard */ = {
			isa = PBXVariantGroup;
			children = (
				3E9A790920EC77D900EB8B42 /* Base */,
			);
			name = LaunchScreen.storyboard;
			sourceTree = "<group>";
		};
/* End PBXVariantGroup section */

/* Begin XCBuildConfiguration section */
		3E9A790C20EC77D900EB8B42 /* Debug */ = {
			isa = XCBuildConfiguration;
			buildSettings = {
				ALWAYS_SEARCH_USER_PATHS = NO;
				CLANG_ANALYZER_NONNULL = YES;
				CLANG_ANALYZER_NUMBER_OBJECT_CONVERSION = YES_AGGRESSIVE;
				CLANG_CXX_LANGUAGE_STANDARD = "gnu++14";
				CLANG_CXX_LIBRARY = "libc++";
				CLANG_ENABLE_MODULES = YES;
				CLANG_ENABLE_OBJC_ARC = YES;
				CLANG_ENABLE_OBJC_WEAK = YES;
				CLANG_WARN_BLOCK_CAPTURE_AUTORELEASING = YES;
				CLANG_WARN_BOOL_CONVERSION = YES;
				CLANG_WARN_COMMA = YES;
				CLANG_WARN_CONSTANT_CONVERSION = YES;
				CLANG_WARN_DEPRECATED_OBJC_IMPLEMENTATIONS = YES;
				CLANG_WARN_DIRECT_OBJC_ISA_USAGE = YES_ERROR;
				CLANG_WARN_DOCUMENTATION_COMMENTS = YES;
				CLANG_WARN_EMPTY_BODY = YES;
				CLANG_WARN_ENUM_CONVERSION = YES;
				CLANG_WARN_INFINITE_RECURSION = YES;
				CLANG_WARN_INT_CONVERSION = YES;
				CLANG_WARN_NON_LITERAL_NULL_CONVERSION = YES;
				CLANG_WARN_OBJC_IMPLICIT_RETAIN_SELF = YES;
				CLANG_WARN_OBJC_LITERAL_CONVERSION = YES;
				CLANG_WARN_OBJC_ROOT_CLASS = YES_ERROR;
				CLANG_WARN_RANGE_LOOP_ANALYSIS = YES;
				CLANG_WARN_STRICT_PROTOTYPES = YES;
				CLANG_WARN_SUSPICIOUS_MOVE = YES;
				CLANG_WARN_UNGUARDED_AVAILABILITY = YES_AGGRESSIVE;
				CLANG_WARN_UNREACHABLE_CODE = YES;
				CLANG_WARN__DUPLICATE_METHOD_MATCH = YES;
				CODE_SIGN_IDENTITY = "iPhone Developer";
				COPY_PHASE_STRIP = NO;
				DEBUG_INFORMATION_FORMAT = dwarf;
				ENABLE_STRICT_OBJC_MSGSEND = YES;
				ENABLE_TESTABILITY = YES;
				GCC_C_LANGUAGE_STANDARD = gnu11;
				GCC_DYNAMIC_NO_PIC = NO;
				GCC_NO_COMMON_BLOCKS = YES;
				GCC_OPTIMIZATION_LEVEL = 0;
				GCC_PREPROCESSOR_DEFINITIONS = (
					"DEBUG=1",
					"$(inherited)",
				);
				GCC_WARN_64_TO_32_BIT_CONVERSION = YES;
				GCC_WARN_ABOUT_RETURN_TYPE = YES_ERROR;
				GCC_WARN_UNDECLARED_SELECTOR = YES;
				GCC_WARN_UNINITIALIZED_AUTOS = YES_AGGRESSIVE;
				GCC_WARN_UNUSED_FUNCTION = YES;
				GCC_WARN_UNUSED_VARIABLE = YES;
				IPHONEOS_DEPLOYMENT_TARGET = 12.0;
				MTL_ENABLE_DEBUG_INFO = INCLUDE_SOURCE;
				MTL_FAST_MATH = YES;
				ONLY_ACTIVE_ARCH = YES;
				SDKROOT = iphoneos;
				SWIFT_ACTIVE_COMPILATION_CONDITIONS = DEBUG;
				SWIFT_OPTIMIZATION_LEVEL = "-Onone";
			};
			name = Debug;
		};
		3E9A790D20EC77D900EB8B42 /* Release */ = {
			isa = XCBuildConfiguration;
			buildSettings = {
				ALWAYS_SEARCH_USER_PATHS = NO;
				CLANG_ANALYZER_NONNULL = YES;
				CLANG_ANALYZER_NUMBER_OBJECT_CONVERSION = YES_AGGRESSIVE;
				CLANG_CXX_LANGUAGE_STANDARD = "gnu++14";
				CLANG_CXX_LIBRARY = "libc++";
				CLANG_ENABLE_MODULES = YES;
				CLANG_ENABLE_OBJC_ARC = YES;
				CLANG_ENABLE_OBJC_WEAK = YES;
				CLANG_WARN_BLOCK_CAPTURE_AUTORELEASING = YES;
				CLANG_WARN_BOOL_CONVERSION = YES;
				CLANG_WARN_COMMA = YES;
				CLANG_WARN_CONSTANT_CONVERSION = YES;
				CLANG_WARN_DEPRECATED_OBJC_IMPLEMENTATIONS = YES;
				CLANG_WARN_DIRECT_OBJC_ISA_USAGE = YES_ERROR;
				CLANG_WARN_DOCUMENTATION_COMMENTS = YES;
				CLANG_WARN_EMPTY_BODY = YES;
				CLANG_WARN_ENUM_CONVERSION = YES;
				CLANG_WARN_INFINITE_RECURSION = YES;
				CLANG_WARN_INT_CONVERSION = YES;
				CLANG_WARN_NON_LITERAL_NULL_CONVERSION = YES;
				CLANG_WARN_OBJC_IMPLICIT_RETAIN_SELF = YES;
				CLANG_WARN_OBJC_LITERAL_CONVERSION = YES;
				CLANG_WARN_OBJC_ROOT_CLASS = YES_ERROR;
				CLANG_WARN_RANGE_LOOP_ANALYSIS = YES;
				CLANG_WARN_STRICT_PROTOTYPES = YES;
				CLANG_WARN_SUSPICIOUS_MOVE = YES;
				CLANG_WARN_UNGUARDED_AVAILABILITY = YES_AGGRESSIVE;
				CLANG_WARN_UNREACHABLE_CODE = YES;
				CLANG_WARN__DUPLICATE_METHOD_MATCH = YES;
				CODE_SIGN_IDENTITY = "iPhone Developer";
				COPY_PHASE_STRIP = NO;
				DEBUG_INFORMATION_FORMAT = "dwarf-with-dsym";
				ENABLE_NS_ASSERTIONS = NO;
				ENABLE_STRICT_OBJC_MSGSEND = YES;
				GCC_C_LANGUAGE_STANDARD = gnu11;
				GCC_NO_COMMON_BLOCKS = YES;
				GCC_WARN_64_TO_32_BIT_CONVERSION = YES;
				GCC_WARN_ABOUT_RETURN_TYPE = YES_ERROR;
				GCC_WARN_UNDECLARED_SELECTOR = YES;
				GCC_WARN_UNINITIALIZED_AUTOS = YES_AGGRESSIVE;
				GCC_WARN_UNUSED_FUNCTION = YES;
				GCC_WARN_UNUSED_VARIABLE = YES;
				IPHONEOS_DEPLOYMENT_TARGET = 12.0;
				MTL_ENABLE_DEBUG_INFO = NO;
				MTL_FAST_MATH = YES;
				SDKROOT = iphoneos;
				SWIFT_COMPILATION_MODE = wholemodule;
				SWIFT_OPTIMIZATION_LEVEL = "-O";
				VALIDATE_PRODUCT = YES;
			};
			name = Release;
		};
		3E9A790F20EC77D900EB8B42 /* Debug */ = {
			isa = XCBuildConfiguration;
			buildSettings = {
				ASSETCATALOG_COMPILER_APPICON_NAME = AppIcon;
				CODE_SIGN_STYLE = Automatic;
				DEVELOPMENT_TEAM = CYZA2EE6W8;
				INFOPLIST_FILE = "Student List/Info.plist";
				LD_RUNPATH_SEARCH_PATHS = (
					"$(inherited)",
					"@executable_path/Frameworks",
				);
				PRODUCT_BUNDLE_IDENTIFIER = "com.owenhenley.Student-List";
				PRODUCT_NAME = "$(TARGET_NAME)";
				SWIFT_VERSION = 4.2;
				TARGETED_DEVICE_FAMILY = "1,2";
			};
			name = Debug;
		};
		3E9A791020EC77D900EB8B42 /* Release */ = {
			isa = XCBuildConfiguration;
			buildSettings = {
				ASSETCATALOG_COMPILER_APPICON_NAME = AppIcon;
				CODE_SIGN_STYLE = Automatic;
				DEVELOPMENT_TEAM = CYZA2EE6W8;
				INFOPLIST_FILE = "Student List/Info.plist";
				LD_RUNPATH_SEARCH_PATHS = (
					"$(inherited)",
					"@executable_path/Frameworks",
				);
				PRODUCT_BUNDLE_IDENTIFIER = "com.owenhenley.Student-List";
				PRODUCT_NAME = "$(TARGET_NAME)";
				SWIFT_VERSION = 4.2;
				TARGETED_DEVICE_FAMILY = "1,2";
			};
			name = Release;
		};
/* End XCBuildConfiguration section */

/* Begin XCConfigurationList section */
		3E9A78F720EC77D600EB8B42 /* Build configuration list for PBXProject "Student List" */ = {
			isa = XCConfigurationList;
			buildConfigurations = (
				3E9A790C20EC77D900EB8B42 /* Debug */,
				3E9A790D20EC77D900EB8B42 /* Release */,
			);
			defaultConfigurationIsVisible = 0;
			defaultConfigurationName = Release;
		};
		3E9A790E20EC77D900EB8B42 /* Build configuration list for PBXNativeTarget "Student List" */ = {
			isa = XCConfigurationList;
			buildConfigurations = (
				3E9A790F20EC77D900EB8B42 /* Debug */,
				3E9A791020EC77D900EB8B42 /* Release */,
			);
			defaultConfigurationIsVisible = 0;
			defaultConfigurationName = Release;
		};
/* End XCConfigurationList section */
	};
	rootObject = 3E9A78F420EC77D600EB8B42 /* Project object */;
}
