// !$*UTF8*$!
{
	archiveVersion = 1;
	classes = {
	};
	objectVersion = 50;
	objects = {

/* Begin PBXBuildFile section */
		3E954397210A24E6000FAC81 /* AppDelegate.swift in Sources */ = {isa = PBXBuildFile; fileRef = 3E954396210A24E6000FAC81 /* AppDelegate.swift */; };
		3E95439C210A24E6000FAC81 /* Main.storyboard in Resources */ = {isa = PBXBuildFile; fileRef = 3E95439A210A24E6000FAC81 /* Main.storyboard */; };
		3E95439E210A24E7000FAC81 /* Assets.xcassets in Resources */ = {isa = PBXBuildFile; fileRef = 3E95439D210A24E7000FAC81 /* Assets.xcassets */; };
		3E9543A1210A24E7000FAC81 /* LaunchScreen.storyboard in Resources */ = {isa = PBXBuildFile; fileRef = 3E95439F210A24E7000FAC81 /* LaunchScreen.storyboard */; };
		3E9543AD210A3392000FAC81 /* iTunesItem.swift in Sources */ = {isa = PBXBuildFile; fileRef = 3E9543AC210A3392000FAC81 /* iTunesItem.swift */; };
		3E9543AF210A385D000FAC81 /* iTunesItemController.swift in Sources */ = {isa = PBXBuildFile; fileRef = 3E9543AE210A385D000FAC81 /* iTunesItemController.swift */; };
		3E9543B1210A3873000FAC81 /* iTunesItemTableViewCell.swift in Sources */ = {isa = PBXBuildFile; fileRef = 3E9543B0210A3873000FAC81 /* iTunesItemTableViewCell.swift */; };
		3E9543B3210A3893000FAC81 /* iTunesItemTableViewController.swift in Sources */ = {isa = PBXBuildFile; fileRef = 3E9543B2210A3893000FAC81 /* iTunesItemTableViewController.swift */; };
/* End PBXBuildFile section */

/* Begin PBXFileReference section */
		3E954393210A24E6000FAC81 /* AppleSearch2.app */ = {isa = PBXFileReference; explicitFileType = wrapper.application; includeInIndex = 0; path = AppleSearch2.app; sourceTree = BUILT_PRODUCTS_DIR; };
		3E954396210A24E6000FAC81 /* AppDelegate.swift */ = {isa = PBXFileReference; lastKnownFileType = sourcecode.swift; path = AppDelegate.swift; sourceTree = "<group>"; };
		3E95439B210A24E6000FAC81 /* Base */ = {isa = PBXFileReference; lastKnownFileType = file.storyboard; name = Base; path = Base.lproj/Main.storyboard; sourceTree = "<group>"; };
		3E95439D210A24E7000FAC81 /* Assets.xcassets */ = {isa = PBXFileReference; lastKnownFileType = folder.assetcatalog; path = Assets.xcassets; sourceTree = "<group>"; };
		3E9543A0210A24E7000FAC81 /* Base */ = {isa = PBXFileReference; lastKnownFileType = file.storyboard; name = Base; path = Base.lproj/LaunchScreen.storyboard; sourceTree = "<group>"; };
		3E9543A2210A24E7000FAC81 /* Info.plist */ = {isa = PBXFileReference; lastKnownFileType = text.plist.xml; path = Info.plist; sourceTree = "<group>"; };
		3E9543AC210A3392000FAC81 /* iTunesItem.swift */ = {isa = PBXFileReference; lastKnownFileType = sourcecode.swift; path = iTunesItem.swift; sourceTree = "<group>"; };
		3E9543AE210A385D000FAC81 /* iTunesItemController.swift */ = {isa = PBXFileReference; lastKnownFileType = sourcecode.swift; path = iTunesItemController.swift; sourceTree = "<group>"; };
		3E9543B0210A3873000FAC81 /* iTunesItemTableViewCell.swift */ = {isa = PBXFileReference; lastKnownFileType = sourcecode.swift; path = iTunesItemTableViewCell.swift; sourceTree = "<group>"; };
		3E9543B2210A3893000FAC81 /* iTunesItemTableViewController.swift */ = {isa = PBXFileReference; lastKnownFileType = sourcecode.swift; path = iTunesItemTableViewController.swift; sourceTree = "<group>"; };
/* End PBXFileReference section */

/* Begin PBXFrameworksBuildPhase section */
		3E954390210A24E6000FAC81 /* Frameworks */ = {
			isa = PBXFrameworksBuildPhase;
			buildActionMask = 2147483647;
			files = (
			);
			runOnlyForDeploymentPostprocessing = 0;
		};
/* End PBXFrameworksBuildPhase section */

/* Begin PBXGroup section */
		3E95438A210A24E6000FAC81 = {
			isa = PBXGroup;
			children = (
				3E954395210A24E6000FAC81 /* AppleSearch2 */,
				3E954394210A24E6000FAC81 /* Products */,
			);
			sourceTree = "<group>";
		};
		3E954394210A24E6000FAC81 /* Products */ = {
			isa = PBXGroup;
			children = (
				3E954393210A24E6000FAC81 /* AppleSearch2.app */,
			);
			name = Products;
			sourceTree = "<group>";
		};
		3E954395210A24E6000FAC81 /* AppleSearch2 */ = {
			isa = PBXGroup;
			children = (
				3E954396210A24E6000FAC81 /* AppDelegate.swift */,
				3E9543AA210A2507000FAC81 /* Model */,
				3E9543A9210A24FA000FAC81 /* View */,
				3E9543AB210A250C000FAC81 /* Controller */,
				3E9543A8210A24F3000FAC81 /* Resources */,
			);
			path = AppleSearch2;
			sourceTree = "<group>";
		};
		3E9543A8210A24F3000FAC81 /* Resources */ = {
			isa = PBXGroup;
			children = (
				3E95439D210A24E7000FAC81 /* Assets.xcassets */,
				3E95439F210A24E7000FAC81 /* LaunchScreen.storyboard */,
				3E9543A2210A24E7000FAC81 /* Info.plist */,
			);
			path = Resources;
			sourceTree = "<group>";
		};
		3E9543A9210A24FA000FAC81 /* View */ = {
			isa = PBXGroup;
			children = (
				3E9543B0210A3873000FAC81 /* iTunesItemTableViewCell.swift */,
				3E95439A210A24E6000FAC81 /* Main.storyboard */,
			);
			path = View;
			sourceTree = "<group>";
		};
		3E9543AA210A2507000FAC81 /* Model */ = {
			isa = PBXGroup;
			children = (
				3E9543AC210A3392000FAC81 /* iTunesItem.swift */,
			);
			path = Model;
			sourceTree = "<group>";
		};
		3E9543AB210A250C000FAC81 /* Controller */ = {
			isa = PBXGroup;
			children = (
				3E9543B2210A3893000FAC81 /* iTunesItemTableViewController.swift */,
				3E9543AE210A385D000FAC81 /* iTunesItemController.swift */,
			);
			path = Controller;
			sourceTree = "<group>";
		};
/* End PBXGroup section */

/* Begin PBXNativeTarget section */
		3E954392210A24E6000FAC81 /* AppleSearch2 */ = {
			isa = PBXNativeTarget;
			buildConfigurationList = 3E9543A5210A24E7000FAC81 /* Build configuration list for PBXNativeTarget "AppleSearch2" */;
			buildPhases = (
				3E95438F210A24E6000FAC81 /* Sources */,
				3E954390210A24E6000FAC81 /* Frameworks */,
				3E954391210A24E6000FAC81 /* Resources */,
			);
			buildRules = (
			);
			dependencies = (
			);
			name = AppleSearch2;
			productName = AppleSearch2;
			productReference = 3E954393210A24E6000FAC81 /* AppleSearch2.app */;
			productType = "com.apple.product-type.application";
		};
/* End PBXNativeTarget section */

/* Begin PBXProject section */
		3E95438B210A24E6000FAC81 /* Project object */ = {
			isa = PBXProject;
			attributes = {
				LastSwiftUpdateCheck = 1000;
				LastUpgradeCheck = 1000;
				ORGANIZATIONNAME = "Owen Henley";
				TargetAttributes = {
					3E954392210A24E6000FAC81 = {
						CreatedOnToolsVersion = 10.0;
					};
				};
			};
			buildConfigurationList = 3E95438E210A24E6000FAC81 /* Build configuration list for PBXProject "AppleSearch2" */;
			compatibilityVersion = "Xcode 9.3";
			developmentRegion = en;
			hasScannedForEncodings = 0;
			knownRegions = (
				en,
				Base,
			);
			mainGroup = 3E95438A210A24E6000FAC81;
			productRefGroup = 3E954394210A24E6000FAC81 /* Products */;
			projectDirPath = "";
			projectRoot = "";
			targets = (
				3E954392210A24E6000FAC81 /* AppleSearch2 */,
			);
		};
/* End PBXProject section */

/* Begin PBXResourcesBuildPhase section */
		3E954391210A24E6000FAC81 /* Resources */ = {
			isa = PBXResourcesBuildPhase;
			buildActionMask = 2147483647;
			files = (
				3E9543A1210A24E7000FAC81 /* LaunchScreen.storyboard in Resources */,
				3E95439E210A24E7000FAC81 /* Assets.xcassets in Resources */,
				3E95439C210A24E6000FAC81 /* Main.storyboard in Resources */,
			);
			runOnlyForDeploymentPostprocessing = 0;
		};
/* End PBXResourcesBuildPhase section */

/* Begin PBXSourcesBuildPhase section */
		3E95438F210A24E6000FAC81 /* Sources */ = {
			isa = PBXSourcesBuildPhase;
			buildActionMask = 2147483647;
			files = (
				3E9543AD210A3392000FAC81 /* iTunesItem.swift in Sources */,
				3E9543AF210A385D000FAC81 /* iTunesItemController.swift in Sources */,
				3E9543B1210A3873000FAC81 /* iTunesItemTableViewCell.swift in Sources */,
				3E9543B3210A3893000FAC81 /* iTunesItemTableViewController.swift in Sources */,
				3E954397210A24E6000FAC81 /* AppDelegate.swift in Sources */,
			);
			runOnlyForDeploymentPostprocessing = 0;
		};
/* End PBXSourcesBuildPhase section */

/* Begin PBXVariantGroup section */
		3E95439A210A24E6000FAC81 /* Main.storyboard */ = {
			isa = PBXVariantGroup;
			children = (
				3E95439B210A24E6000FAC81 /* Base */,
			);
			name = Main.storyboard;
			sourceTree = "<group>";
		};
		3E95439F210A24E7000FAC81 /* LaunchScreen.storyboard */ = {
			isa = PBXVariantGroup;
			children = (
				3E9543A0210A24E7000FAC81 /* Base */,
			);
			name = LaunchScreen.storyboard;
			sourceTree = "<group>";
		};
/* End PBXVariantGroup section */

/* Begin XCBuildConfiguration section */
		3E9543A3210A24E7000FAC81 /* Debug */ = {
			isa = XCBuildConfiguration;
			buildSettings = {
				ALWAYS_SEARCH_USER_PATHS = NO;
				CLANG_ANALYZER_NONNULL = YES;
				CLANG_ANALYZER_NUMBER_OBJECT_CONVERSION = YES_AGGRESSIVE;
				CLANG_CXX_LANGUAGE_STANDARD = "gnu++14";
				CLANG_CXX_LIBRARY = "libc++";
				CLANG_ENABLE_MODULES = YES;
				CLANG_ENABLE_OBJC_ARC = YES;
				CLANG_ENABLE_OBJC_WEAK = YES;
				CLANG_WARN_BLOCK_CAPTURE_AUTORELEASING = YES;
				CLANG_WARN_BOOL_CONVERSION = YES;
				CLANG_WARN_COMMA = YES;
				CLANG_WARN_CONSTANT_CONVERSION = YES;
				CLANG_WARN_DEPRECATED_OBJC_IMPLEMENTATIONS = YES;
				CLANG_WARN_DIRECT_OBJC_ISA_USAGE = YES_ERROR;
				CLANG_WARN_DOCUMENTATION_COMMENTS = YES;
				CLANG_WARN_EMPTY_BODY = YES;
				CLANG_WARN_ENUM_CONVERSION = YES;
				CLANG_WARN_INFINITE_RECURSION = YES;
				CLANG_WARN_INT_CONVERSION = YES;
				CLANG_WARN_NON_LITERAL_NULL_CONVERSION = YES;
				CLANG_WARN_OBJC_IMPLICIT_RETAIN_SELF = YES;
				CLANG_WARN_OBJC_LITERAL_CONVERSION = YES;
				CLANG_WARN_OBJC_ROOT_CLASS = YES_ERROR;
				CLANG_WARN_RANGE_LOOP_ANALYSIS = YES;
				CLANG_WARN_STRICT_PROTOTYPES = YES;
				CLANG_WARN_SUSPICIOUS_MOVE = YES;
				CLANG_WARN_UNGUARDED_AVAILABILITY = YES_AGGRESSIVE;
				CLANG_WARN_UNREACHABLE_CODE = YES;
				CLANG_WARN__DUPLICATE_METHOD_MATCH = YES;
				CODE_SIGN_IDENTITY = "iPhone Developer";
				COPY_PHASE_STRIP = NO;
				DEBUG_INFORMATION_FORMAT = dwarf;
				ENABLE_STRICT_OBJC_MSGSEND = YES;
				ENABLE_TESTABILITY = YES;
				GCC_C_LANGUAGE_STANDARD = gnu11;
				GCC_DYNAMIC_NO_PIC = NO;
				GCC_NO_COMMON_BLOCKS = YES;
				GCC_OPTIMIZATION_LEVEL = 0;
				GCC_PREPROCESSOR_DEFINITIONS = (
					"DEBUG=1",
					"$(inherited)",
				);
				GCC_WARN_64_TO_32_BIT_CONVERSION = YES;
				GCC_WARN_ABOUT_RETURN_TYPE = YES_ERROR;
				GCC_WARN_UNDECLARED_SELECTOR = YES;
				GCC_WARN_UNINITIALIZED_AUTOS = YES_AGGRESSIVE;
				GCC_WARN_UNUSED_FUNCTION = YES;
				GCC_WARN_UNUSED_VARIABLE = YES;
				IPHONEOS_DEPLOYMENT_TARGET = 12.0;
				MTL_ENABLE_DEBUG_INFO = INCLUDE_SOURCE;
				MTL_FAST_MATH = YES;
				ONLY_ACTIVE_ARCH = YES;
				SDKROOT = iphoneos;
				SWIFT_ACTIVE_COMPILATION_CONDITIONS = DEBUG;
				SWIFT_OPTIMIZATION_LEVEL = "-Onone";
			};
			name = Debug;
		};
		3E9543A4210A24E7000FAC81 /* Release */ = {
			isa = XCBuildConfiguration;
			buildSettings = {
				ALWAYS_SEARCH_USER_PATHS = NO;
				CLANG_ANALYZER_NONNULL = YES;
				CLANG_ANALYZER_NUMBER_OBJECT_CONVERSION = YES_AGGRESSIVE;
				CLANG_CXX_LANGUAGE_STANDARD = "gnu++14";
				CLANG_CXX_LIBRARY = "libc++";
				CLANG_ENABLE_MODULES = YES;
				CLANG_ENABLE_OBJC_ARC = YES;
				CLANG_ENABLE_OBJC_WEAK = YES;
				CLANG_WARN_BLOCK_CAPTURE_AUTORELEASING = YES;
				CLANG_WARN_BOOL_CONVERSION = YES;
				CLANG_WARN_COMMA = YES;
				CLANG_WARN_CONSTANT_CONVERSION = YES;
				CLANG_WARN_DEPRECATED_OBJC_IMPLEMENTATIONS = YES;
				CLANG_WARN_DIRECT_OBJC_ISA_USAGE = YES_ERROR;
				CLANG_WARN_DOCUMENTATION_COMMENTS = YES;
				CLANG_WARN_EMPTY_BODY = YES;
				CLANG_WARN_ENUM_CONVERSION = YES;
				CLANG_WARN_INFINITE_RECURSION = YES;
				CLANG_WARN_INT_CONVERSION = YES;
				CLANG_WARN_NON_LITERAL_NULL_CONVERSION = YES;
				CLANG_WARN_OBJC_IMPLICIT_RETAIN_SELF = YES;
				CLANG_WARN_OBJC_LITERAL_CONVERSION = YES;
				CLANG_WARN_OBJC_ROOT_CLASS = YES_ERROR;
				CLANG_WARN_RANGE_LOOP_ANALYSIS = YES;
				CLANG_WARN_STRICT_PROTOTYPES = YES;
				CLANG_WARN_SUSPICIOUS_MOVE = YES;
				CLANG_WARN_UNGUARDED_AVAILABILITY = YES_AGGRESSIVE;
				CLANG_WARN_UNREACHABLE_CODE = YES;
				CLANG_WARN__DUPLICATE_METHOD_MATCH = YES;
				CODE_SIGN_IDENTITY = "iPhone Developer";
				COPY_PHASE_STRIP = NO;
				DEBUG_INFORMATION_FORMAT = "dwarf-with-dsym";
				ENABLE_NS_ASSERTIONS = NO;
				ENABLE_STRICT_OBJC_MSGSEND = YES;
				GCC_C_LANGUAGE_STANDARD = gnu11;
				GCC_NO_COMMON_BLOCKS = YES;
				GCC_WARN_64_TO_32_BIT_CONVERSION = YES;
				GCC_WARN_ABOUT_RETURN_TYPE = YES_ERROR;
				GCC_WARN_UNDECLARED_SELECTOR = YES;
				GCC_WARN_UNINITIALIZED_AUTOS = YES_AGGRESSIVE;
				GCC_WARN_UNUSED_FUNCTION = YES;
				GCC_WARN_UNUSED_VARIABLE = YES;
				IPHONEOS_DEPLOYMENT_TARGET = 12.0;
				MTL_ENABLE_DEBUG_INFO = NO;
				MTL_FAST_MATH = YES;
				SDKROOT = iphoneos;
				SWIFT_COMPILATION_MODE = wholemodule;
				SWIFT_OPTIMIZATION_LEVEL = "-O";
				VALIDATE_PRODUCT = YES;
			};
			name = Release;
		};
		3E9543A6210A24E7000FAC81 /* Debug */ = {
			isa = XCBuildConfiguration;
			buildSettings = {
				ASSETCATALOG_COMPILER_APPICON_NAME = AppIcon;
				CODE_SIGN_STYLE = Automatic;
				DEVELOPMENT_TEAM = CYZA2EE6W8;
				INFOPLIST_FILE = "$(SRCROOT)/AppleSearch2/Resources/Info.plist";
				IPHONEOS_DEPLOYMENT_TARGET = 11.4;
				LD_RUNPATH_SEARCH_PATHS = (
					"$(inherited)",
					"@executable_path/Frameworks",
				);
				PRODUCT_BUNDLE_IDENTIFIER = com.owenhenley.AppleSearch2;
				PRODUCT_NAME = "$(TARGET_NAME)";
				SWIFT_VERSION = 4.2;
				TARGETED_DEVICE_FAMILY = "1,2";
			};
			name = Debug;
		};
		3E9543A7210A24E7000FAC81 /* Release */ = {
			isa = XCBuildConfiguration;
			buildSettings = {
				ASSETCATALOG_COMPILER_APPICON_NAME = AppIcon;
				CODE_SIGN_STYLE = Automatic;
				DEVELOPMENT_TEAM = CYZA2EE6W8;
				INFOPLIST_FILE = "$(SRCROOT)/AppleSearch2/Resources/Info.plist";
				IPHONEOS_DEPLOYMENT_TARGET = 11.4;
				LD_RUNPATH_SEARCH_PATHS = (
					"$(inherited)",
					"@executable_path/Frameworks",
				);
				PRODUCT_BUNDLE_IDENTIFIER = com.owenhenley.AppleSearch2;
				PRODUCT_NAME = "$(TARGET_NAME)";
				SWIFT_VERSION = 4.2;
				TARGETED_DEVICE_FAMILY = "1,2";
			};
			name = Release;
		};
/* End XCBuildConfiguration section */

/* Begin XCConfigurationList section */
		3E95438E210A24E6000FAC81 /* Build configuration list for PBXProject "AppleSearch2" */ = {
			isa = XCConfigurationList;
			buildConfigurations = (
				3E9543A3210A24E7000FAC81 /* Debug */,
				3E9543A4210A24E7000FAC81 /* Release */,
			);
			defaultConfigurationIsVisible = 0;
			defaultConfigurationName = Release;
		};
		3E9543A5210A24E7000FAC81 /* Build configuration list for PBXNativeTarget "AppleSearch2" */ = {
			isa = XCConfigurationList;
			buildConfigurations = (
				3E9543A6210A24E7000FAC81 /* Debug */,
				3E9543A7210A24E7000FAC81 /* Release */,
			);
			defaultConfigurationIsVisible = 0;
			defaultConfigurationName = Release;
		};
/* End XCConfigurationList section */
	};
	rootObject = 3E95438B210A24E6000FAC81 /* Project object */;
}
